
Microsoft Visual Studio Solution File, Format Version 12.00
# Visual Studio Version 17
VisualStudioVersion = 17.7.34221.43
MinimumVisualStudioVersion = 10.0.40219.1
Project("{FAE04EC0-301F-11D3-BF4B-00C04F79EFBC}") = "ConsAppAss4part2", "ConsAppAss4part2\ConsAppAss4part2.csproj", "{544CD8B1-7EEA-4924-AFF2-206174381AA3}"
EndProject
Global
	GlobalSection(SolutionConfigurationPlatforms) = preSolution
		Debug|Any CPU = Debug|Any CPU
		Release|Any CPU = Release|Any CPU
	EndGlobalSection
	GlobalSection(ProjectConfigurationPlatforms) = postSolution
		{544CD8B1-7EEA-4924-AFF2-206174381AA3}.Debug|Any CPU.ActiveCfg = Debug|Any CPU
		{544CD8B1-7EEA-4924-AFF2-206174381AA3}.Debug|Any CPU.Build.0 = Debug|Any CPU
		{544CD8B1-7EEA-4924-AFF2-206174381AA3}.Release|Any CPU.ActiveCfg = Release|Any CPU
		{544CD8B1-7EEA-4924-AFF2-206174381AA3}.Release|Any CPU.Build.0 = Release|Any CPU
	EndGlobalSection
	GlobalSection(SolutionProperties) = preSolution
		HideSolutionNode = FALSE
	EndGlobalSection
	GlobalSection(ExtensibilityGlobals) = postSolution
		SolutionGuid = {D10E5352-BA44-471B-B7B5-09D441FAC827}
	EndGlobalSection
EndGlobal
